
Microsoft Visual Studio Solution File, Format Version 12.00
# Visual Studio Version 17
VisualStudioVersion = 17.10.35122.118
MinimumVisualStudioVersion = 10.0.40219.1
Project("{FAE04EC0-301F-11D3-BF4B-00C04F79EFBC}") = "MyPortfolio", "MyPortfolio.csproj", "{1214F0B6-A004-4A1D-A983-616F1B5E5071}"
EndProject
Global
	GlobalSection(SolutionConfigurationPlatforms) = preSolution
		Debug|Any CPU = Debug|Any CPU
		Release|Any CPU = Release|Any CPU
	EndGlobalSection
	GlobalSection(ProjectConfigurationPlatforms) = postSolution
		{1214F0B6-A004-4A1D-A983-616F1B5E5071}.Debug|Any CPU.ActiveCfg = Debug|Any CPU
		{1214F0B6-A004-4A1D-A983-616F1B5E5071}.Debug|Any CPU.Build.0 = Debug|Any CPU
		{1214F0B6-A004-4A1D-A983-616F1B5E5071}.Release|Any CPU.ActiveCfg = Release|Any CPU
		{1214F0B6-A004-4A1D-A983-616F1B5E5071}.Release|Any CPU.Build.0 = Release|Any CPU
	EndGlobalSection
	GlobalSection(SolutionProperties) = preSolution
		HideSolutionNode = FALSE
	EndGlobalSection
	GlobalSection(ExtensibilityGlobals) = postSolution
		SolutionGuid = {47C0CEEC-7F79-4A26-A915-9FC90D2F98BD}
	EndGlobalSection
EndGlobal
